// !$*UTF8*$!
{
	archiveVersion = 1;
	classes = {
	};
	objectVersion = 56;
	objects = {

/* Begin PBXBuildFile section */
		37698A092B85182200ACF09B /* Profile.swift in Sources */ = {isa = PBXBuildFile; fileRef = 37698A082B85182200ACF09B /* Profile.swift */; };
		37698A0C2B85194300ACF09B /* ProfileHost.swift in Sources */ = {isa = PBXBuildFile; fileRef = 37698A0B2B85194300ACF09B /* ProfileHost.swift */; };
		37698A0E2B8519AB00ACF09B /* ProfileSummary.swift in Sources */ = {isa = PBXBuildFile; fileRef = 37698A0D2B8519AB00ACF09B /* ProfileSummary.swift */; };
		37698A102B851B3C00ACF09B /* HikeBadge.swift in Sources */ = {isa = PBXBuildFile; fileRef = 37698A0F2B851B3C00ACF09B /* HikeBadge.swift */; };
		37E25BA32B84692A00041D0C /* hikeData.json in Resources */ = {isa = PBXBuildFile; fileRef = 37E25BA22B84692A00041D0C /* hikeData.json */; };
		37E25BA52B84696400041D0C /* Hike.swift in Sources */ = {isa = PBXBuildFile; fileRef = 37E25BA42B84696400041D0C /* Hike.swift */; };
		37E25BB02B8472E900041D0C /* GraphCapsule.swift in Sources */ = {isa = PBXBuildFile; fileRef = 37E25BAF2B8472E900041D0C /* GraphCapsule.swift */; };
		37E25BB22B8472F200041D0C /* HikeDetail.swift in Sources */ = {isa = PBXBuildFile; fileRef = 37E25BB12B8472F200041D0C /* HikeDetail.swift */; };
		37E25BB42B8472F800041D0C /* HikeGraph.swift in Sources */ = {isa = PBXBuildFile; fileRef = 37E25BB32B8472F800041D0C /* HikeGraph.swift */; };
		37E25BB62B8472FD00041D0C /* HikeView.swift in Sources */ = {isa = PBXBuildFile; fileRef = 37E25BB52B8472FD00041D0C /* HikeView.swift */; };
		37E25BB92B84781A00041D0C /* CategoryHome.swift in Sources */ = {isa = PBXBuildFile; fileRef = 37E25BB82B84781A00041D0C /* CategoryHome.swift */; };
		37E25BBB2B8479C300041D0C /* CategoryRow.swift in Sources */ = {isa = PBXBuildFile; fileRef = 37E25BBA2B8479C300041D0C /* CategoryRow.swift */; };
		37E25BBD2B847B2B00041D0C /* CategoryItem.swift in Sources */ = {isa = PBXBuildFile; fileRef = 37E25BBC2B847B2B00041D0C /* CategoryItem.swift */; };
		37F6BA7D2B82FF8C0070C68C /* LandmarksV2App.swift in Sources */ = {isa = PBXBuildFile; fileRef = 37F6BA7C2B82FF8C0070C68C /* LandmarksV2App.swift */; };
		37F6BA7F2B82FF8C0070C68C /* ContentView.swift in Sources */ = {isa = PBXBuildFile; fileRef = 37F6BA7E2B82FF8C0070C68C /* ContentView.swift */; };
		37F6BA812B82FF8E0070C68C /* Assets.xcassets in Resources */ = {isa = PBXBuildFile; fileRef = 37F6BA802B82FF8E0070C68C /* Assets.xcassets */; };
		37F6BA842B82FF8E0070C68C /* Preview Assets.xcassets in Resources */ = {isa = PBXBuildFile; fileRef = 37F6BA832B82FF8E0070C68C /* Preview Assets.xcassets */; };
		37F6BA8B2B8302E80070C68C /* CircleImage.swift in Sources */ = {isa = PBXBuildFile; fileRef = 37F6BA8A2B8302E80070C68C /* CircleImage.swift */; };
		37F6BA8D2B8303A20070C68C /* MapView.swift in Sources */ = {isa = PBXBuildFile; fileRef = 37F6BA8C2B8303A20070C68C /* MapView.swift */; };
		37F6BA8F2B8308260070C68C /* landmarkData.json in Resources */ = {isa = PBXBuildFile; fileRef = 37F6BA8E2B8308260070C68C /* landmarkData.json */; };
		37F6BA912B8308A80070C68C /* Landmark.swift in Sources */ = {isa = PBXBuildFile; fileRef = 37F6BA902B8308A80070C68C /* Landmark.swift */; };
		37F6BA932B830A550070C68C /* ModelData.swift in Sources */ = {isa = PBXBuildFile; fileRef = 37F6BA922B830A550070C68C /* ModelData.swift */; };
		37F6BA982B830C1D0070C68C /* LandmarkRow.swift in Sources */ = {isa = PBXBuildFile; fileRef = 37F6BA972B830C1D0070C68C /* LandmarkRow.swift */; };
		37F6BA9A2B830D380070C68C /* LandmarkList.swift in Sources */ = {isa = PBXBuildFile; fileRef = 37F6BA992B830D380070C68C /* LandmarkList.swift */; };
		37F6BA9C2B830E170070C68C /* LandmarkDetail.swift in Sources */ = {isa = PBXBuildFile; fileRef = 37F6BA9B2B830E170070C68C /* LandmarkDetail.swift */; };
		37F6BA9E2B831A160070C68C /* FavoriteButton.swift in Sources */ = {isa = PBXBuildFile; fileRef = 37F6BA9D2B831A160070C68C /* FavoriteButton.swift */; };
		37F6BAA22B831EED0070C68C /* HexagonParameters.swift in Sources */ = {isa = PBXBuildFile; fileRef = 37F6BAA12B831EED0070C68C /* HexagonParameters.swift */; };
		37F6BAA42B8323B00070C68C /* BadgeBackground.swift in Sources */ = {isa = PBXBuildFile; fileRef = 37F6BAA32B8323B00070C68C /* BadgeBackground.swift */; };
		37F6BAA62B832B7C0070C68C /* BadgeSymbol.swift in Sources */ = {isa = PBXBuildFile; fileRef = 37F6BAA52B832B7C0070C68C /* BadgeSymbol.swift */; };
		37F6BAA82B832C1B0070C68C /* RotatedBadgeSymbol.swift in Sources */ = {isa = PBXBuildFile; fileRef = 37F6BAA72B832C1B0070C68C /* RotatedBadgeSymbol.swift */; };
		37F6BAAA2B832C710070C68C /* Badge.swift in Sources */ = {isa = PBXBuildFile; fileRef = 37F6BAA92B832C710070C68C /* Badge.swift */; };
/* End PBXBuildFile section */

/* Begin PBXFileReference section */
		37698A082B85182200ACF09B /* Profile.swift */ = {isa = PBXFileReference; lastKnownFileType = sourcecode.swift; path = Profile.swift; sourceTree = "<group>"; };
		37698A0B2B85194300ACF09B /* ProfileHost.swift */ = {isa = PBXFileReference; lastKnownFileType = sourcecode.swift; path = ProfileHost.swift; sourceTree = "<group>"; };
		37698A0D2B8519AB00ACF09B /* ProfileSummary.swift */ = {isa = PBXFileReference; lastKnownFileType = sourcecode.swift; path = ProfileSummary.swift; sourceTree = "<group>"; };
		37698A0F2B851B3C00ACF09B /* HikeBadge.swift */ = {isa = PBXFileReference; lastKnownFileType = sourcecode.swift; path = HikeBadge.swift; sourceTree = "<group>"; };
		37E25BA22B84692A00041D0C /* hikeData.json */ = {isa = PBXFileReference; fileEncoding = 4; lastKnownFileType = text.json; path = hikeData.json; sourceTree = "<group>"; };
		37E25BA42B84696400041D0C /* Hike.swift */ = {isa = PBXFileReference; lastKnownFileType = sourcecode.swift; path = Hike.swift; sourceTree = "<group>"; };
		37E25BAF2B8472E900041D0C /* GraphCapsule.swift */ = {isa = PBXFileReference; fileEncoding = 4; lastKnownFileType = sourcecode.swift; path = GraphCapsule.swift; sourceTree = "<group>"; };
		37E25BB12B8472F200041D0C /* HikeDetail.swift */ = {isa = PBXFileReference; fileEncoding = 4; lastKnownFileType = sourcecode.swift; path = HikeDetail.swift; sourceTree = "<group>"; };
		37E25BB32B8472F800041D0C /* HikeGraph.swift */ = {isa = PBXFileReference; fileEncoding = 4; lastKnownFileType = sourcecode.swift; path = HikeGraph.swift; sourceTree = "<group>"; };
		37E25BB52B8472FD00041D0C /* HikeView.swift */ = {isa = PBXFileReference; fileEncoding = 4; lastKnownFileType = sourcecode.swift; path = HikeView.swift; sourceTree = "<group>"; };
		37E25BB82B84781A00041D0C /* CategoryHome.swift */ = {isa = PBXFileReference; lastKnownFileType = sourcecode.swift; path = CategoryHome.swift; sourceTree = "<group>"; };
		37E25BBA2B8479C300041D0C /* CategoryRow.swift */ = {isa = PBXFileReference; lastKnownFileType = sourcecode.swift; path = CategoryRow.swift; sourceTree = "<group>"; };
		37E25BBC2B847B2B00041D0C /* CategoryItem.swift */ = {isa = PBXFileReference; lastKnownFileType = sourcecode.swift; path = CategoryItem.swift; sourceTree = "<group>"; };
		37F6BA792B82FF8C0070C68C /* LandmarksV2.app */ = {isa = PBXFileReference; explicitFileType = wrapper.application; includeInIndex = 0; path = LandmarksV2.app; sourceTree = BUILT_PRODUCTS_DIR; };
		37F6BA7C2B82FF8C0070C68C /* LandmarksV2App.swift */ = {isa = PBXFileReference; lastKnownFileType = sourcecode.swift; path = LandmarksV2App.swift; sourceTree = "<group>"; };
		37F6BA7E2B82FF8C0070C68C /* ContentView.swift */ = {isa = PBXFileReference; lastKnownFileType = sourcecode.swift; path = ContentView.swift; sourceTree = "<group>"; };
		37F6BA802B82FF8E0070C68C /* Assets.xcassets */ = {isa = PBXFileReference; lastKnownFileType = folder.assetcatalog; path = Assets.xcassets; sourceTree = "<group>"; };
		37F6BA832B82FF8E0070C68C /* Preview Assets.xcassets */ = {isa = PBXFileReference; lastKnownFileType = folder.assetcatalog; path = "Preview Assets.xcassets"; sourceTree = "<group>"; };
		37F6BA8A2B8302E80070C68C /* CircleImage.swift */ = {isa = PBXFileReference; lastKnownFileType = sourcecode.swift; path = CircleImage.swift; sourceTree = "<group>"; };
		37F6BA8C2B8303A20070C68C /* MapView.swift */ = {isa = PBXFileReference; lastKnownFileType = sourcecode.swift; path = MapView.swift; sourceTree = "<group>"; };
		37F6BA8E2B8308260070C68C /* landmarkData.json */ = {isa = PBXFileReference; fileEncoding = 4; lastKnownFileType = text.json; path = landmarkData.json; sourceTree = "<group>"; };
		37F6BA902B8308A80070C68C /* Landmark.swift */ = {isa = PBXFileReference; lastKnownFileType = sourcecode.swift; path = Landmark.swift; sourceTree = "<group>"; };
		37F6BA922B830A550070C68C /* ModelData.swift */ = {isa = PBXFileReference; lastKnownFileType = sourcecode.swift; path = ModelData.swift; sourceTree = "<group>"; };
		37F6BA972B830C1D0070C68C /* LandmarkRow.swift */ = {isa = PBXFileReference; lastKnownFileType = sourcecode.swift; path = LandmarkRow.swift; sourceTree = "<group>"; };
		37F6BA992B830D380070C68C /* LandmarkList.swift */ = {isa = PBXFileReference; lastKnownFileType = sourcecode.swift; path = LandmarkList.swift; sourceTree = "<group>"; };
		37F6BA9B2B830E170070C68C /* LandmarkDetail.swift */ = {isa = PBXFileReference; lastKnownFileType = sourcecode.swift; path = LandmarkDetail.swift; sourceTree = "<group>"; };
		37F6BA9D2B831A160070C68C /* FavoriteButton.swift */ = {isa = PBXFileReference; lastKnownFileType = sourcecode.swift; path = FavoriteButton.swift; sourceTree = "<group>"; };
		37F6BAA12B831EED0070C68C /* HexagonParameters.swift */ = {isa = PBXFileReference; lastKnownFileType = sourcecode.swift; path = HexagonParameters.swift; sourceTree = "<group>"; };
		37F6BAA32B8323B00070C68C /* BadgeBackground.swift */ = {isa = PBXFileReference; lastKnownFileType = sourcecode.swift; path = BadgeBackground.swift; sourceTree = "<group>"; };
		37F6BAA52B832B7C0070C68C /* BadgeSymbol.swift */ = {isa = PBXFileReference; lastKnownFileType = sourcecode.swift; path = BadgeSymbol.swift; sourceTree = "<group>"; };
		37F6BAA72B832C1B0070C68C /* RotatedBadgeSymbol.swift */ = {isa = PBXFileReference; lastKnownFileType = sourcecode.swift; path = RotatedBadgeSymbol.swift; sourceTree = "<group>"; };
		37F6BAA92B832C710070C68C /* Badge.swift */ = {isa = PBXFileReference; lastKnownFileType = sourcecode.swift; path = Badge.swift; sourceTree = "<group>"; };
/* End PBXFileReference section */

/* Begin PBXFrameworksBuildPhase section */
		37F6BA762B82FF8C0070C68C /* Frameworks */ = {
			isa = PBXFrameworksBuildPhase;
			buildActionMask = 2147483647;
			files = (
			);
			runOnlyForDeploymentPostprocessing = 0;
		};
/* End PBXFrameworksBuildPhase section */

/* Begin PBXGroup section */
		37698A0A2B85193000ACF09B /* Profiles */ = {
			isa = PBXGroup;
			children = (
				37698A0B2B85194300ACF09B /* ProfileHost.swift */,
				37698A0D2B8519AB00ACF09B /* ProfileSummary.swift */,
			);
			path = Profiles;
			sourceTree = "<group>";
		};
		37E25BAE2B8472D200041D0C /* Hikes */ = {
			isa = PBXGroup;
			children = (
				37E25BB52B8472FD00041D0C /* HikeView.swift */,
				37E25BB32B8472F800041D0C /* HikeGraph.swift */,
				37E25BB12B8472F200041D0C /* HikeDetail.swift */,
				37E25BAF2B8472E900041D0C /* GraphCapsule.swift */,
				37698A0F2B851B3C00ACF09B /* HikeBadge.swift */,
			);
			path = Hikes;
			sourceTree = "<group>";
		};
		37E25BB72B84780700041D0C /* Categories */ = {
			isa = PBXGroup;
			children = (
				37E25BB82B84781A00041D0C /* CategoryHome.swift */,
				37E25BBA2B8479C300041D0C /* CategoryRow.swift */,
				37E25BBC2B847B2B00041D0C /* CategoryItem.swift */,
			);
			path = Categories;
			sourceTree = "<group>";
		};
		37F6BA702B82FF8C0070C68C = {
			isa = PBXGroup;
			children = (
				37F6BA7B2B82FF8C0070C68C /* LandmarksV2 */,
				37F6BA7A2B82FF8C0070C68C /* Products */,
			);
			sourceTree = "<group>";
		};
		37F6BA7A2B82FF8C0070C68C /* Products */ = {
			isa = PBXGroup;
			children = (
				37F6BA792B82FF8C0070C68C /* LandmarksV2.app */,
			);
			name = Products;
			sourceTree = "<group>";
		};
		37F6BA7B2B82FF8C0070C68C /* LandmarksV2 */ = {
			isa = PBXGroup;
			children = (
				37F6BA962B830BB80070C68C /* Resources */,
				37F6BA952B830BAB0070C68C /* Model */,
				37F6BA942B830BA00070C68C /* Views */,
				37F6BA7C2B82FF8C0070C68C /* LandmarksV2App.swift */,
				37F6BA802B82FF8E0070C68C /* Assets.xcassets */,
				37F6BA822B82FF8E0070C68C /* Preview Content */,
			);
			path = LandmarksV2;
			sourceTree = "<group>";
		};
		37F6BA822B82FF8E0070C68C /* Preview Content */ = {
			isa = PBXGroup;
			children = (
				37F6BA832B82FF8E0070C68C /* Preview Assets.xcassets */,
			);
			path = "Preview Content";
			sourceTree = "<group>";
		};
		37F6BA942B830BA00070C68C /* Views */ = {
			isa = PBXGroup;
			children = (
				37698A0A2B85193000ACF09B /* Profiles */,
				37F6BA7E2B82FF8C0070C68C /* ContentView.swift */,
				37E25BB72B84780700041D0C /* Categories */,
				37E25BAE2B8472D200041D0C /* Hikes */,
				37F6BAA02B831ACF0070C68C /* Helper */,
				37F6BA9F2B831AC00070C68C /* Landmarks */,
				37F6BAAB2B832CFD0070C68C /* Badges */,
			);
			path = Views;
			sourceTree = "<group>";
		};
		37F6BA952B830BAB0070C68C /* Model */ = {
			isa = PBXGroup;
			children = (
				37F6BA902B8308A80070C68C /* Landmark.swift */,
				37F6BA922B830A550070C68C /* ModelData.swift */,
				37E25BA42B84696400041D0C /* Hike.swift */,
				37698A082B85182200ACF09B /* Profile.swift */,
			);
			path = Model;
			sourceTree = "<group>";
		};
		37F6BA962B830BB80070C68C /* Resources */ = {
			isa = PBXGroup;
			children = (
				37E25BA22B84692A00041D0C /* hikeData.json */,
				37F6BA8E2B8308260070C68C /* landmarkData.json */,
			);
			path = Resources;
			sourceTree = "<group>";
		};
		37F6BA9F2B831AC00070C68C /* Landmarks */ = {
			isa = PBXGroup;
			children = (
				37F6BA972B830C1D0070C68C /* LandmarkRow.swift */,
				37F6BA992B830D380070C68C /* LandmarkList.swift */,
				37F6BA9B2B830E170070C68C /* LandmarkDetail.swift */,
			);
			path = Landmarks;
			sourceTree = "<group>";
		};
		37F6BAA02B831ACF0070C68C /* Helper */ = {
			isa = PBXGroup;
			children = (
				37F6BA8A2B8302E80070C68C /* CircleImage.swift */,
				37F6BA8C2B8303A20070C68C /* MapView.swift */,
				37F6BA9D2B831A160070C68C /* FavoriteButton.swift */,
			);
			path = Helper;
			sourceTree = "<group>";
		};
		37F6BAAB2B832CFD0070C68C /* Badges */ = {
			isa = PBXGroup;
			children = (
				37F6BAA12B831EED0070C68C /* HexagonParameters.swift */,
				37F6BAA32B8323B00070C68C /* BadgeBackground.swift */,
				37F6BAA52B832B7C0070C68C /* BadgeSymbol.swift */,
				37F6BAA72B832C1B0070C68C /* RotatedBadgeSymbol.swift */,
				37F6BAA92B832C710070C68C /* Badge.swift */,
			);
			path = Badges;
			sourceTree = "<group>";
		};
/* End PBXGroup section */

/* Begin PBXNativeTarget section */
		37F6BA782B82FF8C0070C68C /* LandmarksV2 */ = {
			isa = PBXNativeTarget;
			buildConfigurationList = 37F6BA872B82FF8E0070C68C /* Build configuration list for PBXNativeTarget "LandmarksV2" */;
			buildPhases = (
				37F6BA752B82FF8C0070C68C /* Sources */,
				37F6BA762B82FF8C0070C68C /* Frameworks */,
				37F6BA772B82FF8C0070C68C /* Resources */,
			);
			buildRules = (
			);
			dependencies = (
			);
			name = LandmarksV2;
			productName = LandmarksV2;
			productReference = 37F6BA792B82FF8C0070C68C /* LandmarksV2.app */;
			productType = "com.apple.product-type.application";
		};
/* End PBXNativeTarget section */

/* Begin PBXProject section */
		37F6BA712B82FF8C0070C68C /* Project object */ = {
			isa = PBXProject;
			attributes = {
				BuildIndependentTargetsInParallel = 1;
				LastSwiftUpdateCheck = 1520;
				LastUpgradeCheck = 1520;
				TargetAttributes = {
					37F6BA782B82FF8C0070C68C = {
						CreatedOnToolsVersion = 15.2;
					};
				};
			};
			buildConfigurationList = 37F6BA742B82FF8C0070C68C /* Build configuration list for PBXProject "LandmarksV2" */;
			compatibilityVersion = "Xcode 14.0";
			developmentRegion = en;
			hasScannedForEncodings = 0;
			knownRegions = (
				en,
				Base,
			);
			mainGroup = 37F6BA702B82FF8C0070C68C;
			productRefGroup = 37F6BA7A2B82FF8C0070C68C /* Products */;
			projectDirPath = "";
			projectRoot = "";
			targets = (
				37F6BA782B82FF8C0070C68C /* LandmarksV2 */,
			);
		};
/* End PBXProject section */

/* Begin PBXResourcesBuildPhase section */
		37F6BA772B82FF8C0070C68C /* Resources */ = {
			isa = PBXResourcesBuildPhase;
			buildActionMask = 2147483647;
			files = (
				37E25BA32B84692A00041D0C /* hikeData.json in Resources */,
				37F6BA842B82FF8E0070C68C /* Preview Assets.xcassets in Resources */,
				37F6BA812B82FF8E0070C68C /* Assets.xcassets in Resources */,
				37F6BA8F2B8308260070C68C /* landmarkData.json in Resources */,
			);
			runOnlyForDeploymentPostprocessing = 0;
		};
/* End PBXResourcesBuildPhase section */

/* Begin PBXSourcesBuildPhase section */
		37F6BA752B82FF8C0070C68C /* Sources */ = {
			isa = PBXSourcesBuildPhase;
			buildActionMask = 2147483647;
			files = (
				37E25BBB2B8479C300041D0C /* CategoryRow.swift in Sources */,
				37F6BA7F2B82FF8C0070C68C /* ContentView.swift in Sources */,
				37E25BB92B84781A00041D0C /* CategoryHome.swift in Sources */,
				37F6BAAA2B832C710070C68C /* Badge.swift in Sources */,
				37F6BA8D2B8303A20070C68C /* MapView.swift in Sources */,
				37E25BB02B8472E900041D0C /* GraphCapsule.swift in Sources */,
				37E25BB42B8472F800041D0C /* HikeGraph.swift in Sources */,
				37F6BA7D2B82FF8C0070C68C /* LandmarksV2App.swift in Sources */,
				37F6BA9E2B831A160070C68C /* FavoriteButton.swift in Sources */,
				37E25BBD2B847B2B00041D0C /* CategoryItem.swift in Sources */,
				37F6BAA22B831EED0070C68C /* HexagonParameters.swift in Sources */,
				37E25BA52B84696400041D0C /* Hike.swift in Sources */,
				37698A0E2B8519AB00ACF09B /* ProfileSummary.swift in Sources */,
				37F6BAA82B832C1B0070C68C /* RotatedBadgeSymbol.swift in Sources */,
				37698A0C2B85194300ACF09B /* ProfileHost.swift in Sources */,
				37698A092B85182200ACF09B /* Profile.swift in Sources */,
				37F6BAA62B832B7C0070C68C /* BadgeSymbol.swift in Sources */,
				37F6BA9A2B830D380070C68C /* LandmarkList.swift in Sources */,
				37E25BB22B8472F200041D0C /* HikeDetail.swift in Sources */,
				37E25BB62B8472FD00041D0C /* HikeView.swift in Sources */,
				37F6BA9C2B830E170070C68C /* LandmarkDetail.swift in Sources */,
				37F6BAA42B8323B00070C68C /* BadgeBackground.swift in Sources */,
				37698A102B851B3C00ACF09B /* HikeBadge.swift in Sources */,
				37F6BA8B2B8302E80070C68C /* CircleImage.swift in Sources */,
				37F6BA912B8308A80070C68C /* Landmark.swift in Sources */,
				37F6BA982B830C1D0070C68C /* LandmarkRow.swift in Sources */,
				37F6BA932B830A550070C68C /* ModelData.swift in Sources */,
			);
			runOnlyForDeploymentPostprocessing = 0;
		};
/* End PBXSourcesBuildPhase section */

/* Begin XCBuildConfiguration section */
		37F6BA852B82FF8E0070C68C /* Debug */ = {
			isa = XCBuildConfiguration;
			buildSettings = {
				ALWAYS_SEARCH_USER_PATHS = NO;
				ASSETCATALOG_COMPILER_GENERATE_SWIFT_ASSET_SYMBOL_EXTENSIONS = YES;
				CLANG_ANALYZER_NONNULL = YES;
				CLANG_ANALYZER_NUMBER_OBJECT_CONVERSION = YES_AGGRESSIVE;
				CLANG_CXX_LANGUAGE_STANDARD = "gnu++20";
				CLANG_ENABLE_MODULES = YES;
				CLANG_ENABLE_OBJC_ARC = YES;
				CLANG_ENABLE_OBJC_WEAK = YES;
				CLANG_WARN_BLOCK_CAPTURE_AUTORELEASING = YES;
				CLANG_WARN_BOOL_CONVERSION = YES;
				CLANG_WARN_COMMA = YES;
				CLANG_WARN_CONSTANT_CONVERSION = YES;
				CLANG_WARN_DEPRECATED_OBJC_IMPLEMENTATIONS = YES;
				CLANG_WARN_DIRECT_OBJC_ISA_USAGE = YES_ERROR;
				CLANG_WARN_DOCUMENTATION_COMMENTS = YES;
				CLANG_WARN_EMPTY_BODY = YES;
				CLANG_WARN_ENUM_CONVERSION = YES;
				CLANG_WARN_INFINITE_RECURSION = YES;
				CLANG_WARN_INT_CONVERSION = YES;
				CLANG_WARN_NON_LITERAL_NULL_CONVERSION = YES;
				CLANG_WARN_OBJC_IMPLICIT_RETAIN_SELF = YES;
				CLANG_WARN_OBJC_LITERAL_CONVERSION = YES;
				CLANG_WARN_OBJC_ROOT_CLASS = YES_ERROR;
				CLANG_WARN_QUOTED_INCLUDE_IN_FRAMEWORK_HEADER = YES;
				CLANG_WARN_RANGE_LOOP_ANALYSIS = YES;
				CLANG_WARN_STRICT_PROTOTYPES = YES;
				CLANG_WARN_SUSPICIOUS_MOVE = YES;
				CLANG_WARN_UNGUARDED_AVAILABILITY = YES_AGGRESSIVE;
				CLANG_WARN_UNREACHABLE_CODE = YES;
				CLANG_WARN__DUPLICATE_METHOD_MATCH = YES;
				COPY_PHASE_STRIP = NO;
				DEBUG_INFORMATION_FORMAT = dwarf;
				ENABLE_STRICT_OBJC_MSGSEND = YES;
				ENABLE_TESTABILITY = YES;
				ENABLE_USER_SCRIPT_SANDBOXING = YES;
				GCC_C_LANGUAGE_STANDARD = gnu17;
				GCC_DYNAMIC_NO_PIC = NO;
				GCC_NO_COMMON_BLOCKS = YES;
				GCC_OPTIMIZATION_LEVEL = 0;
				GCC_PREPROCESSOR_DEFINITIONS = (
					"DEBUG=1",
					"$(inherited)",
				);
				GCC_WARN_64_TO_32_BIT_CONVERSION = YES;
				GCC_WARN_ABOUT_RETURN_TYPE = YES_ERROR;
				GCC_WARN_UNDECLARED_SELECTOR = YES;
				GCC_WARN_UNINITIALIZED_AUTOS = YES_AGGRESSIVE;
				GCC_WARN_UNUSED_FUNCTION = YES;
				GCC_WARN_UNUSED_VARIABLE = YES;
				IPHONEOS_DEPLOYMENT_TARGET = 17.2;
				LOCALIZATION_PREFERS_STRING_CATALOGS = YES;
				MTL_ENABLE_DEBUG_INFO = INCLUDE_SOURCE;
				MTL_FAST_MATH = YES;
				ONLY_ACTIVE_ARCH = YES;
				SDKROOT = iphoneos;
				SWIFT_ACTIVE_COMPILATION_CONDITIONS = "DEBUG $(inherited)";
				SWIFT_OPTIMIZATION_LEVEL = "-Onone";
			};
			name = Debug;
		};
		37F6BA862B82FF8E0070C68C /* Release */ = {
			isa = XCBuildConfiguration;
			buildSettings = {
				ALWAYS_SEARCH_USER_PATHS = NO;
				ASSETCATALOG_COMPILER_GENERATE_SWIFT_ASSET_SYMBOL_EXTENSIONS = YES;
				CLANG_ANALYZER_NONNULL = YES;
				CLANG_ANALYZER_NUMBER_OBJECT_CONVERSION = YES_AGGRESSIVE;
				CLANG_CXX_LANGUAGE_STANDARD = "gnu++20";
				CLANG_ENABLE_MODULES = YES;
				CLANG_ENABLE_OBJC_ARC = YES;
				CLANG_ENABLE_OBJC_WEAK = YES;
				CLANG_WARN_BLOCK_CAPTURE_AUTORELEASING = YES;
				CLANG_WARN_BOOL_CONVERSION = YES;
				CLANG_WARN_COMMA = YES;
				CLANG_WARN_CONSTANT_CONVERSION = YES;
				CLANG_WARN_DEPRECATED_OBJC_IMPLEMENTATIONS = YES;
				CLANG_WARN_DIRECT_OBJC_ISA_USAGE = YES_ERROR;
				CLANG_WARN_DOCUMENTATION_COMMENTS = YES;
				CLANG_WARN_EMPTY_BODY = YES;
				CLANG_WARN_ENUM_CONVERSION = YES;
				CLANG_WARN_INFINITE_RECURSION = YES;
				CLANG_WARN_INT_CONVERSION = YES;
				CLANG_WARN_NON_LITERAL_NULL_CONVERSION = YES;
				CLANG_WARN_OBJC_IMPLICIT_RETAIN_SELF = YES;
				CLANG_WARN_OBJC_LITERAL_CONVERSION = YES;
				CLANG_WARN_OBJC_ROOT_CLASS = YES_ERROR;
				CLANG_WARN_QUOTED_INCLUDE_IN_FRAMEWORK_HEADER = YES;
				CLANG_WARN_RANGE_LOOP_ANALYSIS = YES;
				CLANG_WARN_STRICT_PROTOTYPES = YES;
				CLANG_WARN_SUSPICIOUS_MOVE = YES;
				CLANG_WARN_UNGUARDED_AVAILABILITY = YES_AGGRESSIVE;
				CLANG_WARN_UNREACHABLE_CODE = YES;
				CLANG_WARN__DUPLICATE_METHOD_MATCH = YES;
				COPY_PHASE_STRIP = NO;
				DEBUG_INFORMATION_FORMAT = "dwarf-with-dsym";
				ENABLE_NS_ASSERTIONS = NO;
				ENABLE_STRICT_OBJC_MSGSEND = YES;
				ENABLE_USER_SCRIPT_SANDBOXING = YES;
				GCC_C_LANGUAGE_STANDARD = gnu17;
				GCC_NO_COMMON_BLOCKS = YES;
				GCC_WARN_64_TO_32_BIT_CONVERSION = YES;
				GCC_WARN_ABOUT_RETURN_TYPE = YES_ERROR;
				GCC_WARN_UNDECLARED_SELECTOR = YES;
				GCC_WARN_UNINITIALIZED_AUTOS = YES_AGGRESSIVE;
				GCC_WARN_UNUSED_FUNCTION = YES;
				GCC_WARN_UNUSED_VARIABLE = YES;
				IPHONEOS_DEPLOYMENT_TARGET = 17.2;
				LOCALIZATION_PREFERS_STRING_CATALOGS = YES;
				MTL_ENABLE_DEBUG_INFO = NO;
				MTL_FAST_MATH = YES;
				SDKROOT = iphoneos;
				SWIFT_COMPILATION_MODE = wholemodule;
				VALIDATE_PRODUCT = YES;
			};
			name = Release;
		};
		37F6BA882B82FF8E0070C68C /* Debug */ = {
			isa = XCBuildConfiguration;
			buildSettings = {
				ASSETCATALOG_COMPILER_APPICON_NAME = AppIcon;
				ASSETCATALOG_COMPILER_GLOBAL_ACCENT_COLOR_NAME = AccentColor;
				CODE_SIGN_STYLE = Automatic;
				CURRENT_PROJECT_VERSION = 1;
				DEVELOPMENT_ASSET_PATHS = "\"LandmarksV2/Preview Content\"";
				DEVELOPMENT_TEAM = V7772866VJ;
				ENABLE_PREVIEWS = YES;
				GENERATE_INFOPLIST_FILE = YES;
				INFOPLIST_KEY_UIApplicationSceneManifest_Generation = YES;
				INFOPLIST_KEY_UIApplicationSupportsIndirectInputEvents = YES;
				INFOPLIST_KEY_UILaunchScreen_Generation = YES;
				INFOPLIST_KEY_UISupportedInterfaceOrientations_iPad = "UIInterfaceOrientationPortrait UIInterfaceOrientationPortraitUpsideDown UIInterfaceOrientationLandscapeLeft UIInterfaceOrientationLandscapeRight";
				INFOPLIST_KEY_UISupportedInterfaceOrientations_iPhone = "UIInterfaceOrientationPortrait UIInterfaceOrientationLandscapeLeft UIInterfaceOrientationLandscapeRight";
				LD_RUNPATH_SEARCH_PATHS = (
					"$(inherited)",
					"@executable_path/Frameworks",
				);
				MARKETING_VERSION = 1.0;
				PRODUCT_BUNDLE_IDENTIFIER = com.navboo.LandmarksV2;
				PRODUCT_NAME = "$(TARGET_NAME)";
				SWIFT_EMIT_LOC_STRINGS = YES;
				SWIFT_VERSION = 5.0;
				TARGETED_DEVICE_FAMILY = "1,2";
			};
			name = Debug;
		};
		37F6BA892B82FF8E0070C68C /* Release */ = {
			isa = XCBuildConfiguration;
			buildSettings = {
				ASSETCATALOG_COMPILER_APPICON_NAME = AppIcon;
				ASSETCATALOG_COMPILER_GLOBAL_ACCENT_COLOR_NAME = AccentColor;
				CODE_SIGN_STYLE = Automatic;
				CURRENT_PROJECT_VERSION = 1;
				DEVELOPMENT_ASSET_PATHS = "\"LandmarksV2/Preview Content\"";
				DEVELOPMENT_TEAM = V7772866VJ;
				ENABLE_PREVIEWS = YES;
				GENERATE_INFOPLIST_FILE = YES;
				INFOPLIST_KEY_UIApplicationSceneManifest_Generation = YES;
				INFOPLIST_KEY_UIApplicationSupportsIndirectInputEvents = YES;
				INFOPLIST_KEY_UILaunchScreen_Generation = YES;
				INFOPLIST_KEY_UISupportedInterfaceOrientations_iPad = "UIInterfaceOrientationPortrait UIInterfaceOrientationPortraitUpsideDown UIInterfaceOrientationLandscapeLeft UIInterfaceOrientationLandscapeRight";
				INFOPLIST_KEY_UISupportedInterfaceOrientations_iPhone = "UIInterfaceOrientationPortrait UIInterfaceOrientationLandscapeLeft UIInterfaceOrientationLandscapeRight";
				LD_RUNPATH_SEARCH_PATHS = (
					"$(inherited)",
					"@executable_path/Frameworks",
				);
				MARKETING_VERSION = 1.0;
				PRODUCT_BUNDLE_IDENTIFIER = com.navboo.LandmarksV2;
				PRODUCT_NAME = "$(TARGET_NAME)";
				SWIFT_EMIT_LOC_STRINGS = YES;
				SWIFT_VERSION = 5.0;
				TARGETED_DEVICE_FAMILY = "1,2";
			};
			name = Release;
		};
/* End XCBuildConfiguration section */

/* Begin XCConfigurationList section */
		37F6BA742B82FF8C0070C68C /* Build configuration list for PBXProject "LandmarksV2" */ = {
			isa = XCConfigurationList;
			buildConfigurations = (
				37F6BA852B82FF8E0070C68C /* Debug */,
				37F6BA862B82FF8E0070C68C /* Release */,
			);
			defaultConfigurationIsVisible = 0;
			defaultConfigurationName = Release;
		};
		37F6BA872B82FF8E0070C68C /* Build configuration list for PBXNativeTarget "LandmarksV2" */ = {
			isa = XCConfigurationList;
			buildConfigurations = (
				37F6BA882B82FF8E0070C68C /* Debug */,
				37F6BA892B82FF8E0070C68C /* Release */,
			);
			defaultConfigurationIsVisible = 0;
			defaultConfigurationName = Release;
		};
/* End XCConfigurationList section */
	};
	rootObject = 37F6BA712B82FF8C0070C68C /* Project object */;
}
